
Microsoft Visual Studio Solution File, Format Version 12.00
# Visual Studio Version 17
VisualStudioVersion = 17.7.34024.191
MinimumVisualStudioVersion = 10.0.40219.1
Project("{FAE04EC0-301F-11D3-BF4B-00C04F79EFBC}") = "Task_1", "Task_1\Task_1.csproj", "{674805D2-BA26-4C44-92BB-D73E9CB2F6BE}"
EndProject
Global
	GlobalSection(SolutionConfigurationPlatforms) = preSolution
		Debug|Any CPU = Debug|Any CPU
		Release|Any CPU = Release|Any CPU
	EndGlobalSection
	GlobalSection(ProjectConfigurationPlatforms) = postSolution
		{674805D2-BA26-4C44-92BB-D73E9CB2F6BE}.Debug|Any CPU.ActiveCfg = Debug|Any CPU
		{674805D2-BA26-4C44-92BB-D73E9CB2F6BE}.Debug|Any CPU.Build.0 = Debug|Any CPU
		{674805D2-BA26-4C44-92BB-D73E9CB2F6BE}.Release|Any CPU.ActiveCfg = Release|Any CPU
		{674805D2-BA26-4C44-92BB-D73E9CB2F6BE}.Release|Any CPU.Build.0 = Release|Any CPU
	EndGlobalSection
	GlobalSection(SolutionProperties) = preSolution
		HideSolutionNode = FALSE
	EndGlobalSection
	GlobalSection(ExtensibilityGlobals) = postSolution
		SolutionGuid = {5F8008C5-9EB6-492E-A59E-715D68F4DA0A}
	EndGlobalSection
EndGlobal
